// !$*UTF8*$!
{
	archiveVersion = 1;
	classes = {
	};
	objectVersion = 55;
	objects = {

/* Begin PBXBuildFile section */
		247DA0A52703545400742E4F /* AppDelegate.swift in Sources */ = {isa = PBXBuildFile; fileRef = 247DA0A42703545400742E4F /* AppDelegate.swift */; };
		247DA0A72703545400742E4F /* SceneDelegate.swift in Sources */ = {isa = PBXBuildFile; fileRef = 247DA0A62703545400742E4F /* SceneDelegate.swift */; };
		247DA0AC2703545400742E4F /* Main.storyboard in Resources */ = {isa = PBXBuildFile; fileRef = 247DA0AA2703545400742E4F /* Main.storyboard */; };
		247DA0AE2703545600742E4F /* Assets.xcassets in Resources */ = {isa = PBXBuildFile; fileRef = 247DA0AD2703545600742E4F /* Assets.xcassets */; };
		247DA0B12703545600742E4F /* LaunchScreen.storyboard in Resources */ = {isa = PBXBuildFile; fileRef = 247DA0AF2703545600742E4F /* LaunchScreen.storyboard */; };
		24ECF3B327035E8100981A77 /* DetailOrderViewController.swift in Sources */ = {isa = PBXBuildFile; fileRef = 24ECF3B227035E8100981A77 /* DetailOrderViewController.swift */; };
		24ECF3B5270362A800981A77 /* DeleveryMainViewController.swift in Sources */ = {isa = PBXBuildFile; fileRef = 24ECF3B4270362A800981A77 /* DeleveryMainViewController.swift */; };
		24ECF3B72703643E00981A77 /* DeleveryInfo.swift in Sources */ = {isa = PBXBuildFile; fileRef = 24ECF3B62703643E00981A77 /* DeleveryInfo.swift */; };
		24ECF3BD2703895B00981A77 /* BannerCollectionViewCell.swift in Sources */ = {isa = PBXBuildFile; fileRef = 24ECF3BC2703895B00981A77 /* BannerCollectionViewCell.swift */; };
/* End PBXBuildFile section */

/* Begin PBXFileReference section */
		247DA0A12703545400742E4F /* DeleveryApplication.app */ = {isa = PBXFileReference; explicitFileType = wrapper.application; includeInIndex = 0; path = DeleveryApplication.app; sourceTree = BUILT_PRODUCTS_DIR; };
		247DA0A42703545400742E4F /* AppDelegate.swift */ = {isa = PBXFileReference; lastKnownFileType = sourcecode.swift; path = AppDelegate.swift; sourceTree = "<group>"; };
		247DA0A62703545400742E4F /* SceneDelegate.swift */ = {isa = PBXFileReference; lastKnownFileType = sourcecode.swift; path = SceneDelegate.swift; sourceTree = "<group>"; };
		247DA0AB2703545400742E4F /* Base */ = {isa = PBXFileReference; lastKnownFileType = file.storyboard; name = Base; path = Base.lproj/Main.storyboard; sourceTree = "<group>"; };
		247DA0AD2703545600742E4F /* Assets.xcassets */ = {isa = PBXFileReference; lastKnownFileType = folder.assetcatalog; path = Assets.xcassets; sourceTree = "<group>"; };
		247DA0B02703545600742E4F /* Base */ = {isa = PBXFileReference; lastKnownFileType = file.storyboard; name = Base; path = Base.lproj/LaunchScreen.storyboard; sourceTree = "<group>"; };
		247DA0B22703545600742E4F /* Info.plist */ = {isa = PBXFileReference; lastKnownFileType = text.plist.xml; path = Info.plist; sourceTree = "<group>"; };
		24ECF3B227035E8100981A77 /* DetailOrderViewController.swift */ = {isa = PBXFileReference; lastKnownFileType = sourcecode.swift; path = DetailOrderViewController.swift; sourceTree = "<group>"; };
		24ECF3B4270362A800981A77 /* DeleveryMainViewController.swift */ = {isa = PBXFileReference; lastKnownFileType = sourcecode.swift; path = DeleveryMainViewController.swift; sourceTree = "<group>"; };
		24ECF3B62703643E00981A77 /* DeleveryInfo.swift */ = {isa = PBXFileReference; lastKnownFileType = sourcecode.swift; path = DeleveryInfo.swift; sourceTree = "<group>"; };
		24ECF3BC2703895B00981A77 /* BannerCollectionViewCell.swift */ = {isa = PBXFileReference; lastKnownFileType = sourcecode.swift; path = BannerCollectionViewCell.swift; sourceTree = "<group>"; };
/* End PBXFileReference section */

/* Begin PBXFrameworksBuildPhase section */
		247DA09E2703545400742E4F /* Frameworks */ = {
			isa = PBXFrameworksBuildPhase;
			buildActionMask = 2147483647;
			files = (
			);
			runOnlyForDeploymentPostprocessing = 0;
		};
/* End PBXFrameworksBuildPhase section */

/* Begin PBXGroup section */
		247DA0982703545400742E4F = {
			isa = PBXGroup;
			children = (
				247DA0A32703545400742E4F /* DeleveryApplication */,
				247DA0A22703545400742E4F /* Products */,
			);
			sourceTree = "<group>";
		};
		247DA0A22703545400742E4F /* Products */ = {
			isa = PBXGroup;
			children = (
				247DA0A12703545400742E4F /* DeleveryApplication.app */,
			);
			name = Products;
			sourceTree = "<group>";
		};
		247DA0A32703545400742E4F /* DeleveryApplication */ = {
			isa = PBXGroup;
			children = (
				247DA0A42703545400742E4F /* AppDelegate.swift */,
				247DA0A62703545400742E4F /* SceneDelegate.swift */,
				24ECF3B4270362A800981A77 /* DeleveryMainViewController.swift */,
				24ECF3BC2703895B00981A77 /* BannerCollectionViewCell.swift */,
				24ECF3B62703643E00981A77 /* DeleveryInfo.swift */,
				24ECF3B227035E8100981A77 /* DetailOrderViewController.swift */,
				247DA0AA2703545400742E4F /* Main.storyboard */,
				247DA0AD2703545600742E4F /* Assets.xcassets */,
				247DA0AF2703545600742E4F /* LaunchScreen.storyboard */,
				247DA0B22703545600742E4F /* Info.plist */,
			);
			path = DeleveryApplication;
			sourceTree = "<group>";
		};
/* End PBXGroup section */

/* Begin PBXNativeTarget section */
		247DA0A02703545400742E4F /* DeleveryApplication */ = {
			isa = PBXNativeTarget;
			buildConfigurationList = 247DA0B52703545600742E4F /* Build configuration list for PBXNativeTarget "DeleveryApplication" */;
			buildPhases = (
				247DA09D2703545400742E4F /* Sources */,
				247DA09E2703545400742E4F /* Frameworks */,
				247DA09F2703545400742E4F /* Resources */,
			);
			buildRules = (
			);
			dependencies = (
			);
			name = DeleveryApplication;
			productName = DeleveryApplication;
			productReference = 247DA0A12703545400742E4F /* DeleveryApplication.app */;
			productType = "com.apple.product-type.application";
		};
/* End PBXNativeTarget section */

/* Begin PBXProject section */
		247DA0992703545400742E4F /* Project object */ = {
			isa = PBXProject;
			attributes = {
				BuildIndependentTargetsInParallel = 1;
				LastSwiftUpdateCheck = 1300;
				LastUpgradeCheck = 1300;
				TargetAttributes = {
					247DA0A02703545400742E4F = {
						CreatedOnToolsVersion = 13.0;
					};
				};
			};
			buildConfigurationList = 247DA09C2703545400742E4F /* Build configuration list for PBXProject "DeleveryApplication" */;
			compatibilityVersion = "Xcode 13.0";
			developmentRegion = en;
			hasScannedForEncodings = 0;
			knownRegions = (
				en,
				Base,
			);
			mainGroup = 247DA0982703545400742E4F;
			productRefGroup = 247DA0A22703545400742E4F /* Products */;
			projectDirPath = "";
			projectRoot = "";
			targets = (
				247DA0A02703545400742E4F /* DeleveryApplication */,
			);
		};
/* End PBXProject section */

/* Begin PBXResourcesBuildPhase section */
		247DA09F2703545400742E4F /* Resources */ = {
			isa = PBXResourcesBuildPhase;
			buildActionMask = 2147483647;
			files = (
				247DA0B12703545600742E4F /* LaunchScreen.storyboard in Resources */,
				247DA0AE2703545600742E4F /* Assets.xcassets in Resources */,
				247DA0AC2703545400742E4F /* Main.storyboard in Resources */,
			);
			runOnlyForDeploymentPostprocessing = 0;
		};
/* End PBXResourcesBuildPhase section */

/* Begin PBXSourcesBuildPhase section */
		247DA09D2703545400742E4F /* Sources */ = {
			isa = PBXSourcesBuildPhase;
			buildActionMask = 2147483647;
			files = (
				247DA0A52703545400742E4F /* AppDelegate.swift in Sources */,
				24ECF3B72703643E00981A77 /* DeleveryInfo.swift in Sources */,
				24ECF3BD2703895B00981A77 /* BannerCollectionViewCell.swift in Sources */,
				247DA0A72703545400742E4F /* SceneDelegate.swift in Sources */,
				24ECF3B5270362A800981A77 /* DeleveryMainViewController.swift in Sources */,
				24ECF3B327035E8100981A77 /* DetailOrderViewController.swift in Sources */,
			);
			runOnlyForDeploymentPostprocessing = 0;
		};
/* End PBXSourcesBuildPhase section */

/* Begin PBXVariantGroup section */
		247DA0AA2703545400742E4F /* Main.storyboard */ = {
			isa = PBXVariantGroup;
			children = (
				247DA0AB2703545400742E4F /* Base */,
			);
			name = Main.storyboard;
			sourceTree = "<group>";
		};
		247DA0AF2703545600742E4F /* LaunchScreen.storyboard */ = {
			isa = PBXVariantGroup;
			children = (
				247DA0B02703545600742E4F /* Base */,
			);
			name = LaunchScreen.storyboard;
			sourceTree = "<group>";
		};
/* End PBXVariantGroup section */

/* Begin XCBuildConfiguration section */
		247DA0B32703545600742E4F /* Debug */ = {
			isa = XCBuildConfiguration;
			buildSettings = {
				ALWAYS_SEARCH_USER_PATHS = NO;
				CLANG_ANALYZER_NONNULL = YES;
				CLANG_ANALYZER_NUMBER_OBJECT_CONVERSION = YES_AGGRESSIVE;
				CLANG_CXX_LANGUAGE_STANDARD = "gnu++17";
				CLANG_CXX_LIBRARY = "libc++";
				CLANG_ENABLE_MODULES = YES;
				CLANG_ENABLE_OBJC_ARC = YES;
				CLANG_ENABLE_OBJC_WEAK = YES;
				CLANG_WARN_BLOCK_CAPTURE_AUTORELEASING = YES;
				CLANG_WARN_BOOL_CONVERSION = YES;
				CLANG_WARN_COMMA = YES;
				CLANG_WARN_CONSTANT_CONVERSION = YES;
				CLANG_WARN_DEPRECATED_OBJC_IMPLEMENTATIONS = YES;
				CLANG_WARN_DIRECT_OBJC_ISA_USAGE = YES_ERROR;
				CLANG_WARN_DOCUMENTATION_COMMENTS = YES;
				CLANG_WARN_EMPTY_BODY = YES;
				CLANG_WARN_ENUM_CONVERSION = YES;
				CLANG_WARN_INFINITE_RECURSION = YES;
				CLANG_WARN_INT_CONVERSION = YES;
				CLANG_WARN_NON_LITERAL_NULL_CONVERSION = YES;
				CLANG_WARN_OBJC_IMPLICIT_RETAIN_SELF = YES;
				CLANG_WARN_OBJC_LITERAL_CONVERSION = YES;
				CLANG_WARN_OBJC_ROOT_CLASS = YES_ERROR;
				CLANG_WARN_QUOTED_INCLUDE_IN_FRAMEWORK_HEADER = YES;
				CLANG_WARN_RANGE_LOOP_ANALYSIS = YES;
				CLANG_WARN_STRICT_PROTOTYPES = YES;
				CLANG_WARN_SUSPICIOUS_MOVE = YES;
				CLANG_WARN_UNGUARDED_AVAILABILITY = YES_AGGRESSIVE;
				CLANG_WARN_UNREACHABLE_CODE = YES;
				CLANG_WARN__DUPLICATE_METHOD_MATCH = YES;
				COPY_PHASE_STRIP = NO;
				DEBUG_INFORMATION_FORMAT = dwarf;
				ENABLE_STRICT_OBJC_MSGSEND = YES;
				ENABLE_TESTABILITY = YES;
				GCC_C_LANGUAGE_STANDARD = gnu11;
				GCC_DYNAMIC_NO_PIC = NO;
				GCC_NO_COMMON_BLOCKS = YES;
				GCC_OPTIMIZATION_LEVEL = 0;
				GCC_PREPROCESSOR_DEFINITIONS = (
					"DEBUG=1",
					"$(inherited)",
				);
				GCC_WARN_64_TO_32_BIT_CONVERSION = YES;
				GCC_WARN_ABOUT_RETURN_TYPE = YES_ERROR;
				GCC_WARN_UNDECLARED_SELECTOR = YES;
				GCC_WARN_UNINITIALIZED_AUTOS = YES_AGGRESSIVE;
				GCC_WARN_UNUSED_FUNCTION = YES;
				GCC_WARN_UNUSED_VARIABLE = YES;
				IPHONEOS_DEPLOYMENT_TARGET = 15.0;
				MTL_ENABLE_DEBUG_INFO = INCLUDE_SOURCE;
				MTL_FAST_MATH = YES;
				ONLY_ACTIVE_ARCH = YES;
				SDKROOT = iphoneos;
				SWIFT_ACTIVE_COMPILATION_CONDITIONS = DEBUG;
				SWIFT_OPTIMIZATION_LEVEL = "-Onone";
			};
			name = Debug;
		};
		247DA0B42703545600742E4F /* Release */ = {
			isa = XCBuildConfiguration;
			buildSettings = {
				ALWAYS_SEARCH_USER_PATHS = NO;
				CLANG_ANALYZER_NONNULL = YES;
				CLANG_ANALYZER_NUMBER_OBJECT_CONVERSION = YES_AGGRESSIVE;
				CLANG_CXX_LANGUAGE_STANDARD = "gnu++17";
				CLANG_CXX_LIBRARY = "libc++";
				CLANG_ENABLE_MODULES = YES;
				CLANG_ENABLE_OBJC_ARC = YES;
				CLANG_ENABLE_OBJC_WEAK = YES;
				CLANG_WARN_BLOCK_CAPTURE_AUTORELEASING = YES;
				CLANG_WARN_BOOL_CONVERSION = YES;
				CLANG_WARN_COMMA = YES;
				CLANG_WARN_CONSTANT_CONVERSION = YES;
				CLANG_WARN_DEPRECATED_OBJC_IMPLEMENTATIONS = YES;
				CLANG_WARN_DIRECT_OBJC_ISA_USAGE = YES_ERROR;
				CLANG_WARN_DOCUMENTATION_COMMENTS = YES;
				CLANG_WARN_EMPTY_BODY = YES;
				CLANG_WARN_ENUM_CONVERSION = YES;
				CLANG_WARN_INFINITE_RECURSION = YES;
				CLANG_WARN_INT_CONVERSION = YES;
				CLANG_WARN_NON_LITERAL_NULL_CONVERSION = YES;
				CLANG_WARN_OBJC_IMPLICIT_RETAIN_SELF = YES;
				CLANG_WARN_OBJC_LITERAL_CONVERSION = YES;
				CLANG_WARN_OBJC_ROOT_CLASS = YES_ERROR;
				CLANG_WARN_QUOTED_INCLUDE_IN_FRAMEWORK_HEADER = YES;
				CLANG_WARN_RANGE_LOOP_ANALYSIS = YES;
				CLANG_WARN_STRICT_PROTOTYPES = YES;
				CLANG_WARN_SUSPICIOUS_MOVE = YES;
				CLANG_WARN_UNGUARDED_AVAILABILITY = YES_AGGRESSIVE;
				CLANG_WARN_UNREACHABLE_CODE = YES;
				CLANG_WARN__DUPLICATE_METHOD_MATCH = YES;
				COPY_PHASE_STRIP = NO;
				DEBUG_INFORMATION_FORMAT = "dwarf-with-dsym";
				ENABLE_NS_ASSERTIONS = NO;
				ENABLE_STRICT_OBJC_MSGSEND = YES;
				GCC_C_LANGUAGE_STANDARD = gnu11;
				GCC_NO_COMMON_BLOCKS = YES;
				GCC_WARN_64_TO_32_BIT_CONVERSION = YES;
				GCC_WARN_ABOUT_RETURN_TYPE = YES_ERROR;
				GCC_WARN_UNDECLARED_SELECTOR = YES;
				GCC_WARN_UNINITIALIZED_AUTOS = YES_AGGRESSIVE;
				GCC_WARN_UNUSED_FUNCTION = YES;
				GCC_WARN_UNUSED_VARIABLE = YES;
				IPHONEOS_DEPLOYMENT_TARGET = 15.0;
				MTL_ENABLE_DEBUG_INFO = NO;
				MTL_FAST_MATH = YES;
				SDKROOT = iphoneos;
				SWIFT_COMPILATION_MODE = wholemodule;
				SWIFT_OPTIMIZATION_LEVEL = "-O";
				VALIDATE_PRODUCT = YES;
			};
			name = Release;
		};
		247DA0B62703545600742E4F /* Debug */ = {
			isa = XCBuildConfiguration;
			buildSettings = {
				ASSETCATALOG_COMPILER_APPICON_NAME = AppIcon;
				ASSETCATALOG_COMPILER_GLOBAL_ACCENT_COLOR_NAME = AccentColor;
				CODE_SIGN_STYLE = Automatic;
				CURRENT_PROJECT_VERSION = 1;
				DEVELOPMENT_TEAM = 9V32754VBF;
				GENERATE_INFOPLIST_FILE = YES;
				INFOPLIST_FILE = DeleveryApplication/Info.plist;
				INFOPLIST_KEY_UIApplicationSupportsIndirectInputEvents = YES;
				INFOPLIST_KEY_UILaunchStoryboardName = LaunchScreen;
				INFOPLIST_KEY_UIMainStoryboardFile = Main;
				INFOPLIST_KEY_UISupportedInterfaceOrientations_iPad = "UIInterfaceOrientationPortrait UIInterfaceOrientationPortraitUpsideDown UIInterfaceOrientationLandscapeLeft UIInterfaceOrientationLandscapeRight";
				INFOPLIST_KEY_UISupportedInterfaceOrientations_iPhone = "UIInterfaceOrientationPortrait UIInterfaceOrientationLandscapeLeft UIInterfaceOrientationLandscapeRight";
				LD_RUNPATH_SEARCH_PATHS = (
					"$(inherited)",
					"@executable_path/Frameworks",
				);
				MARKETING_VERSION = 1.0;
				PRODUCT_BUNDLE_IDENTIFIER = com.haechanyang.DeleveryApplication;
				PRODUCT_NAME = "$(TARGET_NAME)";
				SWIFT_EMIT_LOC_STRINGS = YES;
				SWIFT_VERSION = 5.0;
				TARGETED_DEVICE_FAMILY = 1;
			};
			name = Debug;
		};
		247DA0B72703545600742E4F /* Release */ = {
			isa = XCBuildConfiguration;
			buildSettings = {
				ASSETCATALOG_COMPILER_APPICON_NAME = AppIcon;
				ASSETCATALOG_COMPILER_GLOBAL_ACCENT_COLOR_NAME = AccentColor;
				CODE_SIGN_STYLE = Automatic;
				CURRENT_PROJECT_VERSION = 1;
				DEVELOPMENT_TEAM = 9V32754VBF;
				GENERATE_INFOPLIST_FILE = YES;
				INFOPLIST_FILE = DeleveryApplication/Info.plist;
				INFOPLIST_KEY_UIApplicationSupportsIndirectInputEvents = YES;
				INFOPLIST_KEY_UILaunchStoryboardName = LaunchScreen;
				INFOPLIST_KEY_UIMainStoryboardFile = Main;
				INFOPLIST_KEY_UISupportedInterfaceOrientations_iPad = "UIInterfaceOrientationPortrait UIInterfaceOrientationPortraitUpsideDown UIInterfaceOrientationLandscapeLeft UIInterfaceOrientationLandscapeRight";
				INFOPLIST_KEY_UISupportedInterfaceOrientations_iPhone = "UIInterfaceOrientationPortrait UIInterfaceOrientationLandscapeLeft UIInterfaceOrientationLandscapeRight";
				LD_RUNPATH_SEARCH_PATHS = (
					"$(inherited)",
					"@executable_path/Frameworks",
				);
				MARKETING_VERSION = 1.0;
				PRODUCT_BUNDLE_IDENTIFIER = com.haechanyang.DeleveryApplication;
				PRODUCT_NAME = "$(TARGET_NAME)";
				SWIFT_EMIT_LOC_STRINGS = YES;
				SWIFT_VERSION = 5.0;
				TARGETED_DEVICE_FAMILY = 1;
			};
			name = Release;
		};
/* End XCBuildConfiguration section */

/* Begin XCConfigurationList section */
		247DA09C2703545400742E4F /* Build configuration list for PBXProject "DeleveryApplication" */ = {
			isa = XCConfigurationList;
			buildConfigurations = (
				247DA0B32703545600742E4F /* Debug */,
				247DA0B42703545600742E4F /* Release */,
			);
			defaultConfigurationIsVisible = 0;
			defaultConfigurationName = Release;
		};
		247DA0B52703545600742E4F /* Build configuration list for PBXNativeTarget "DeleveryApplication" */ = {
			isa = XCConfigurationList;
			buildConfigurations = (
				247DA0B62703545600742E4F /* Debug */,
				247DA0B72703545600742E4F /* Release */,
			);
			defaultConfigurationIsVisible = 0;
			defaultConfigurationName = Release;
		};
/* End XCConfigurationList section */
	};
	rootObject = 247DA0992703545400742E4F /* Project object */;
}
